
Microsoft Visual Studio Solution File, Format Version 12.00
# Visual Studio Version 16
VisualStudioVersion = 16.0.29215.179
MinimumVisualStudioVersion = 10.0.40219.1
Project("{FAE04EC0-301F-11D3-BF4B-00C04F79EFBC}") = "SkipAmmonomiconAnimation", "SkipAmmonomiconAnimation\SkipAmmonomiconAnimation.csproj", "{1F89CC72-E248-44AA-A8FE-34EFBEC51BB2}"
EndProject
Global
	GlobalSection(SolutionConfigurationPlatforms) = preSolution
		Debug|Any CPU = Debug|Any CPU
		Release|Any CPU = Release|Any CPU
	EndGlobalSection
	GlobalSection(ProjectConfigurationPlatforms) = postSolution
		{1F89CC72-E248-44AA-A8FE-34EFBEC51BB2}.Debug|Any CPU.ActiveCfg = Debug|Any CPU
		{1F89CC72-E248-44AA-A8FE-34EFBEC51BB2}.Debug|Any CPU.Build.0 = Debug|Any CPU
		{1F89CC72-E248-44AA-A8FE-34EFBEC51BB2}.Release|Any CPU.ActiveCfg = Release|Any CPU
		{1F89CC72-E248-44AA-A8FE-34EFBEC51BB2}.Release|Any CPU.Build.0 = Release|Any CPU
	EndGlobalSection
	GlobalSection(SolutionProperties) = preSolution
		HideSolutionNode = FALSE
	EndGlobalSection
	GlobalSection(ExtensibilityGlobals) = postSolution
		SolutionGuid = {967C59D8-2CD7-4359-BB28-FAB756B16B2D}
	EndGlobalSection
EndGlobal
